
Microsoft Visual Studio Solution File, Format Version 12.00
# Visual Studio Version 16
VisualStudioVersion = 16.0.28803.202
MinimumVisualStudioVersion = 10.0.40219.1
Project("{9A19103F-16F7-4668-BE54-9A1E7A4F7556}") = "AppAngularTest", "Template2\AppAngularTest.csproj", "{4E86B565-7844-4CFE-B255-8D01AD0E75D0}"
EndProject
Global
	GlobalSection(SolutionConfigurationPlatforms) = preSolution
		Debug|Any CPU = Debug|Any CPU
		Release|Any CPU = Release|Any CPU
	EndGlobalSection
	GlobalSection(ProjectConfigurationPlatforms) = postSolution
		{4E86B565-7844-4CFE-B255-8D01AD0E75D0}.Debug|Any CPU.ActiveCfg = Debug|Any CPU
		{4E86B565-7844-4CFE-B255-8D01AD0E75D0}.Debug|Any CPU.Build.0 = Debug|Any CPU
		{4E86B565-7844-4CFE-B255-8D01AD0E75D0}.Release|Any CPU.ActiveCfg = Release|Any CPU
		{4E86B565-7844-4CFE-B255-8D01AD0E75D0}.Release|Any CPU.Build.0 = Release|Any CPU
	EndGlobalSection
	GlobalSection(SolutionProperties) = preSolution
		HideSolutionNode = FALSE
	EndGlobalSection
	GlobalSection(ExtensibilityGlobals) = postSolution
		SolutionGuid = {7346AF56-7C62-4AD7-A570-1E7CE03B0FB1}
	EndGlobalSection
EndGlobal
